// !$*UTF8*$!
{
	archiveVersion = 1;
	classes = {
	};
	objectVersion = 46;
	objects = {

/* Begin PBXBuildFile section */
		AC57459E1BC788910016A137 /* LaunchScreen.storyboard in Resources */ = {isa = PBXBuildFile; fileRef = AC57459C1BC788910016A137 /* LaunchScreen.storyboard */; };
		AC5745A91BC788910016A137 /* TrcBankTests.swift in Sources */ = {isa = PBXBuildFile; fileRef = AC5745A81BC788910016A137 /* TrcBankTests.swift */; };
		AC5745B41BC788910016A137 /* TrcBankUITests.swift in Sources */ = {isa = PBXBuildFile; fileRef = AC5745B31BC788910016A137 /* TrcBankUITests.swift */; };
		AC8486491BC8A42900DBD95D /* Assets.xcassets in Resources */ = {isa = PBXBuildFile; fileRef = AC8486481BC8A42900DBD95D /* Assets.xcassets */; settings = {ASSET_TAGS = (); }; };
		ACA212CE1BCE56A2000B66AA /* AppDelegate.swift in Sources */ = {isa = PBXBuildFile; fileRef = ACA212C11BCE56A2000B66AA /* AppDelegate.swift */; settings = {ASSET_TAGS = (); }; };
		ACA212CF1BCE56A2000B66AA /* GBLoginViewController.swift in Sources */ = {isa = PBXBuildFile; fileRef = ACA212C41BCE56A2000B66AA /* GBLoginViewController.swift */; settings = {ASSET_TAGS = (); }; };
		ACA212D01BCE56A2000B66AA /* GBMenuCell.swift in Sources */ = {isa = PBXBuildFile; fileRef = ACA212C51BCE56A2000B66AA /* GBMenuCell.swift */; settings = {ASSET_TAGS = (); }; };
		ACA212D11BCE56A2000B66AA /* GBMenuLayout.swift in Sources */ = {isa = PBXBuildFile; fileRef = ACA212C61BCE56A2000B66AA /* GBMenuLayout.swift */; settings = {ASSET_TAGS = (); }; };
		ACA212D21BCE56A2000B66AA /* GBMenuViewController.swift in Sources */ = {isa = PBXBuildFile; fileRef = ACA212C71BCE56A2000B66AA /* GBMenuViewController.swift */; settings = {ASSET_TAGS = (); }; };
		ACA212D31BCE56A2000B66AA /* GBNavigationController.swift in Sources */ = {isa = PBXBuildFile; fileRef = ACA212C81BCE56A2000B66AA /* GBNavigationController.swift */; settings = {ASSET_TAGS = (); }; };
		ACA212D41BCE56A2000B66AA /* GBLoginViewController.xib in Resources */ = {isa = PBXBuildFile; fileRef = ACA212CA1BCE56A2000B66AA /* GBLoginViewController.xib */; settings = {ASSET_TAGS = (); }; };
		ACA212D51BCE56A2000B66AA /* GBMenuCell.xib in Resources */ = {isa = PBXBuildFile; fileRef = ACA212CB1BCE56A2000B66AA /* GBMenuCell.xib */; settings = {ASSET_TAGS = (); }; };
		ACA212D61BCE56A2000B66AA /* GBHelpers.swift in Sources */ = {isa = PBXBuildFile; fileRef = ACA212CD1BCE56A2000B66AA /* GBHelpers.swift */; settings = {ASSET_TAGS = (); }; };
		ACA76F371BD0D03D00B9D7A9 /* GBAccountInfoViewController.xib in Resources */ = {isa = PBXBuildFile; fileRef = ACA76F361BD0D03D00B9D7A9 /* GBAccountInfoViewController.xib */; settings = {ASSET_TAGS = (); }; };
		ACA76F391BD0D28700B9D7A9 /* GBAccountInfoViewController.swift in Sources */ = {isa = PBXBuildFile; fileRef = ACA76F381BD0D28700B9D7A9 /* GBAccountInfoViewController.swift */; settings = {ASSET_TAGS = (); }; };
		ACA76F3B1BD0D80400B9D7A9 /* SMTUVPreViewController.swift in Sources */ = {isa = PBXBuildFile; fileRef = ACA76F3A1BD0D80400B9D7A9 /* SMTUVPreViewController.swift */; settings = {ASSET_TAGS = (); }; };
		ACA76F3D1BD0EC0700B9D7A9 /* SMTUMModel.swift in Sources */ = {isa = PBXBuildFile; fileRef = ACA76F3C1BD0EC0700B9D7A9 /* SMTUMModel.swift */; settings = {ASSET_TAGS = (); }; };
		ACE69D271BCE982C002A7369 /* MMenu.swift in Sources */ = {isa = PBXBuildFile; fileRef = ACE69D261BCE982C002A7369 /* MMenu.swift */; settings = {ASSET_TAGS = (); }; };
		ACE69D291BCEA84F002A7369 /* GBSubMenuViewController.swift in Sources */ = {isa = PBXBuildFile; fileRef = ACE69D281BCEA84F002A7369 /* GBSubMenuViewController.swift */; settings = {ASSET_TAGS = (); }; };
		ACE69D2B1BCEAB7D002A7369 /* GBSubMenu.xib in Resources */ = {isa = PBXBuildFile; fileRef = ACE69D2A1BCEAB7D002A7369 /* GBSubMenu.xib */; settings = {ASSET_TAGS = (); }; };
		ACFF34441BCF2DD000FAF2E1 /* SQSAIQC_UI.storyboard in Resources */ = {isa = PBXBuildFile; fileRef = ACFF34341BCF2DD000FAF2E1 /* SQSAIQC_UI.storyboard */; settings = {ASSET_TAGS = (); }; };
		ACFF34451BCF2DD000FAF2E1 /* SQSAIQVDetailViewController.swift in Sources */ = {isa = PBXBuildFile; fileRef = ACFF34361BCF2DD000FAF2E1 /* SQSAIQVDetailViewController.swift */; settings = {ASSET_TAGS = (); }; };
		ACFF34461BCF2DD000FAF2E1 /* SQSAIQVListViewCell.swift in Sources */ = {isa = PBXBuildFile; fileRef = ACFF34371BCF2DD000FAF2E1 /* SQSAIQVListViewCell.swift */; settings = {ASSET_TAGS = (); }; };
		ACFF34471BCF2DD000FAF2E1 /* SQSAIQVListViewController.swift in Sources */ = {isa = PBXBuildFile; fileRef = ACFF34381BCF2DD000FAF2E1 /* SQSAIQVListViewController.swift */; settings = {ASSET_TAGS = (); }; };
		ACFF34481BCF2DD000FAF2E1 /* SQSTDQC_UI.storyboard in Resources */ = {isa = PBXBuildFile; fileRef = ACFF343D1BCF2DD000FAF2E1 /* SQSTDQC_UI.storyboard */; settings = {ASSET_TAGS = (); }; };
		ACFF34491BCF2DD000FAF2E1 /* SQSTDQVDetailViewController.swift in Sources */ = {isa = PBXBuildFile; fileRef = ACFF34401BCF2DD000FAF2E1 /* SQSTDQVDetailViewController.swift */; settings = {ASSET_TAGS = (); }; };
		ACFF344A1BCF2DD000FAF2E1 /* SQSTDQVListViewCell.swift in Sources */ = {isa = PBXBuildFile; fileRef = ACFF34411BCF2DD000FAF2E1 /* SQSTDQVListViewCell.swift */; settings = {ASSET_TAGS = (); }; };
		ACFF344B1BCF2DD000FAF2E1 /* SQSTDQVListViewController.swift in Sources */ = {isa = PBXBuildFile; fileRef = ACFF34421BCF2DD000FAF2E1 /* SQSTDQVListViewController.swift */; settings = {ASSET_TAGS = (); }; };
		ACFF344C1BCF2DD000FAF2E1 /* SQSTDQVPreViewController.swift in Sources */ = {isa = PBXBuildFile; fileRef = ACFF34431BCF2DD000FAF2E1 /* SQSTDQVPreViewController.swift */; settings = {ASSET_TAGS = (); }; };
		ACFF344E1BCF30EE00FAF2E1 /* SQSTDQMModel.swift in Sources */ = {isa = PBXBuildFile; fileRef = ACFF344D1BCF30EE00FAF2E1 /* SQSTDQMModel.swift */; settings = {ASSET_TAGS = (); }; };
		ACFF34501BCF314E00FAF2E1 /* MAccountInfo.swift in Sources */ = {isa = PBXBuildFile; fileRef = ACFF344F1BCF314E00FAF2E1 /* MAccountInfo.swift */; settings = {ASSET_TAGS = (); }; };
		ACFF34531BCF3F7B00FAF2E1 /* SQSAIQMModel.swift in Sources */ = {isa = PBXBuildFile; fileRef = ACFF34521BCF3F7B00FAF2E1 /* SQSAIQMModel.swift */; settings = {ASSET_TAGS = (); }; };
		ACFF345D1BCF525300FAF2E1 /* SMTUC_UI.storyboard in Resources */ = {isa = PBXBuildFile; fileRef = ACFF345C1BCF525300FAF2E1 /* SMTUC_UI.storyboard */; settings = {ASSET_TAGS = (); }; };
		DE3091AC99EA4532A27B68DA /* Pods_TrcBank.framework in Frameworks */ = {isa = PBXBuildFile; fileRef = A3B57EBA44B010DE349D77F6 /* Pods_TrcBank.framework */; };
/* End PBXBuildFile section */

/* Begin PBXContainerItemProxy section */
		AC5745A51BC788910016A137 /* PBXContainerItemProxy */ = {
			isa = PBXContainerItemProxy;
			containerPortal = AC5745861BC788910016A137 /* Project object */;
			proxyType = 1;
			remoteGlobalIDString = AC57458D1BC788910016A137;
			remoteInfo = TrcBank;
		};
		AC5745B01BC788910016A137 /* PBXContainerItemProxy */ = {
			isa = PBXContainerItemProxy;
			containerPortal = AC5745861BC788910016A137 /* Project object */;
			proxyType = 1;
			remoteGlobalIDString = AC57458D1BC788910016A137;
			remoteInfo = TrcBank;
		};
/* End PBXContainerItemProxy section */

/* Begin PBXFileReference section */
		372C14A7B20A2692519794B8 /* Pods-TrcBank.release.xcconfig */ = {isa = PBXFileReference; includeInIndex = 1; lastKnownFileType = text.xcconfig; name = "Pods-TrcBank.release.xcconfig"; path = "Pods/Target Support Files/Pods-TrcBank/Pods-TrcBank.release.xcconfig"; sourceTree = "<group>"; };
		6758C12D53D2530AC899AA26 /* Pods-TrcBank.debug.xcconfig */ = {isa = PBXFileReference; includeInIndex = 1; lastKnownFileType = text.xcconfig; name = "Pods-TrcBank.debug.xcconfig"; path = "Pods/Target Support Files/Pods-TrcBank/Pods-TrcBank.debug.xcconfig"; sourceTree = "<group>"; };
		A3B57EBA44B010DE349D77F6 /* Pods_TrcBank.framework */ = {isa = PBXFileReference; explicitFileType = wrapper.framework; includeInIndex = 0; path = Pods_TrcBank.framework; sourceTree = BUILT_PRODUCTS_DIR; };
		AC57458E1BC788910016A137 /* TrcBank.app */ = {isa = PBXFileReference; explicitFileType = wrapper.application; includeInIndex = 0; path = TrcBank.app; sourceTree = BUILT_PRODUCTS_DIR; };
		AC57459D1BC788910016A137 /* Base */ = {isa = PBXFileReference; lastKnownFileType = file.storyboard; name = Base; path = Base.lproj/LaunchScreen.storyboard; sourceTree = "<group>"; };
		AC57459F1BC788910016A137 /* Info.plist */ = {isa = PBXFileReference; lastKnownFileType = text.plist.xml; path = Info.plist; sourceTree = "<group>"; };
		AC5745A41BC788910016A137 /* TrcBankTests.xctest */ = {isa = PBXFileReference; explicitFileType = wrapper.cfbundle; includeInIndex = 0; path = TrcBankTests.xctest; sourceTree = BUILT_PRODUCTS_DIR; };
		AC5745A81BC788910016A137 /* TrcBankTests.swift */ = {isa = PBXFileReference; lastKnownFileType = sourcecode.swift; path = TrcBankTests.swift; sourceTree = "<group>"; };
		AC5745AA1BC788910016A137 /* Info.plist */ = {isa = PBXFileReference; lastKnownFileType = text.plist.xml; path = Info.plist; sourceTree = "<group>"; };
		AC5745AF1BC788910016A137 /* TrcBankUITests.xctest */ = {isa = PBXFileReference; explicitFileType = wrapper.cfbundle; includeInIndex = 0; path = TrcBankUITests.xctest; sourceTree = BUILT_PRODUCTS_DIR; };
		AC5745B31BC788910016A137 /* TrcBankUITests.swift */ = {isa = PBXFileReference; lastKnownFileType = sourcecode.swift; path = TrcBankUITests.swift; sourceTree = "<group>"; };
		AC5745B51BC788910016A137 /* Info.plist */ = {isa = PBXFileReference; lastKnownFileType = text.plist.xml; path = Info.plist; sourceTree = "<group>"; };
		AC8486481BC8A42900DBD95D /* Assets.xcassets */ = {isa = PBXFileReference; lastKnownFileType = folder.assetcatalog; path = Assets.xcassets; sourceTree = "<group>"; };
		ACA212C11BCE56A2000B66AA /* AppDelegate.swift */ = {isa = PBXFileReference; fileEncoding = 4; lastKnownFileType = sourcecode.swift; path = AppDelegate.swift; sourceTree = "<group>"; };
		ACA212C41BCE56A2000B66AA /* GBLoginViewController.swift */ = {isa = PBXFileReference; fileEncoding = 4; lastKnownFileType = sourcecode.swift; path = GBLoginViewController.swift; sourceTree = "<group>"; };
		ACA212C51BCE56A2000B66AA /* GBMenuCell.swift */ = {isa = PBXFileReference; fileEncoding = 4; lastKnownFileType = sourcecode.swift; path = GBMenuCell.swift; sourceTree = "<group>"; };
		ACA212C61BCE56A2000B66AA /* GBMenuLayout.swift */ = {isa = PBXFileReference; fileEncoding = 4; lastKnownFileType = sourcecode.swift; path = GBMenuLayout.swift; sourceTree = "<group>"; };
		ACA212C71BCE56A2000B66AA /* GBMenuViewController.swift */ = {isa = PBXFileReference; fileEncoding = 4; lastKnownFileType = sourcecode.swift; path = GBMenuViewController.swift; sourceTree = "<group>"; };
		ACA212C81BCE56A2000B66AA /* GBNavigationController.swift */ = {isa = PBXFileReference; fileEncoding = 4; lastKnownFileType = sourcecode.swift; path = GBNavigationController.swift; sourceTree = "<group>"; };
		ACA212CA1BCE56A2000B66AA /* GBLoginViewController.xib */ = {isa = PBXFileReference; fileEncoding = 4; lastKnownFileType = file.xib; path = GBLoginViewController.xib; sourceTree = "<group>"; };
		ACA212CB1BCE56A2000B66AA /* GBMenuCell.xib */ = {isa = PBXFileReference; fileEncoding = 4; lastKnownFileType = file.xib; path = GBMenuCell.xib; sourceTree = "<group>"; };
		ACA212CD1BCE56A2000B66AA /* GBHelpers.swift */ = {isa = PBXFileReference; fileEncoding = 4; lastKnownFileType = sourcecode.swift; path = GBHelpers.swift; sourceTree = "<group>"; };
		ACA76F361BD0D03D00B9D7A9 /* GBAccountInfoViewController.xib */ = {isa = PBXFileReference; fileEncoding = 4; lastKnownFileType = file.xib; path = GBAccountInfoViewController.xib; sourceTree = "<group>"; };
		ACA76F381BD0D28700B9D7A9 /* GBAccountInfoViewController.swift */ = {isa = PBXFileReference; fileEncoding = 4; lastKnownFileType = sourcecode.swift; path = GBAccountInfoViewController.swift; sourceTree = "<group>"; };
		ACA76F3A1BD0D80400B9D7A9 /* SMTUVPreViewController.swift */ = {isa = PBXFileReference; fileEncoding = 4; lastKnownFileType = sourcecode.swift; path = SMTUVPreViewController.swift; sourceTree = "<group>"; };
		ACA76F3C1BD0EC0700B9D7A9 /* SMTUMModel.swift */ = {isa = PBXFileReference; fileEncoding = 4; lastKnownFileType = sourcecode.swift; path = SMTUMModel.swift; sourceTree = "<group>"; };
		ACE69D261BCE982C002A7369 /* MMenu.swift */ = {isa = PBXFileReference; fileEncoding = 4; lastKnownFileType = sourcecode.swift; path = MMenu.swift; sourceTree = "<group>"; };
		ACE69D281BCEA84F002A7369 /* GBSubMenuViewController.swift */ = {isa = PBXFileReference; fileEncoding = 4; lastKnownFileType = sourcecode.swift; path = GBSubMenuViewController.swift; sourceTree = "<group>"; };
		ACE69D2A1BCEAB7D002A7369 /* GBSubMenu.xib */ = {isa = PBXFileReference; fileEncoding = 4; lastKnownFileType = file.xib; path = GBSubMenu.xib; sourceTree = "<group>"; };
		ACFF34341BCF2DD000FAF2E1 /* SQSAIQC_UI.storyboard */ = {isa = PBXFileReference; fileEncoding = 4; lastKnownFileType = file.storyboard; path = SQSAIQC_UI.storyboard; sourceTree = "<group>"; };
		ACFF34361BCF2DD000FAF2E1 /* SQSAIQVDetailViewController.swift */ = {isa = PBXFileReference; fileEncoding = 4; lastKnownFileType = sourcecode.swift; path = SQSAIQVDetailViewController.swift; sourceTree = "<group>"; };
		ACFF34371BCF2DD000FAF2E1 /* SQSAIQVListViewCell.swift */ = {isa = PBXFileReference; fileEncoding = 4; lastKnownFileType = sourcecode.swift; path = SQSAIQVListViewCell.swift; sourceTree = "<group>"; };
		ACFF34381BCF2DD000FAF2E1 /* SQSAIQVListViewController.swift */ = {isa = PBXFileReference; fileEncoding = 4; lastKnownFileType = sourcecode.swift; path = SQSAIQVListViewController.swift; sourceTree = "<group>"; };
		ACFF343D1BCF2DD000FAF2E1 /* SQSTDQC_UI.storyboard */ = {isa = PBXFileReference; fileEncoding = 4; lastKnownFileType = file.storyboard; path = SQSTDQC_UI.storyboard; sourceTree = "<group>"; };
		ACFF34401BCF2DD000FAF2E1 /* SQSTDQVDetailViewController.swift */ = {isa = PBXFileReference; fileEncoding = 4; lastKnownFileType = sourcecode.swift; path = SQSTDQVDetailViewController.swift; sourceTree = "<group>"; };
		ACFF34411BCF2DD000FAF2E1 /* SQSTDQVListViewCell.swift */ = {isa = PBXFileReference; fileEncoding = 4; lastKnownFileType = sourcecode.swift; path = SQSTDQVListViewCell.swift; sourceTree = "<group>"; };
		ACFF34421BCF2DD000FAF2E1 /* SQSTDQVListViewController.swift */ = {isa = PBXFileReference; fileEncoding = 4; lastKnownFileType = sourcecode.swift; path = SQSTDQVListViewController.swift; sourceTree = "<group>"; };
		ACFF34431BCF2DD000FAF2E1 /* SQSTDQVPreViewController.swift */ = {isa = PBXFileReference; fileEncoding = 4; lastKnownFileType = sourcecode.swift; path = SQSTDQVPreViewController.swift; sourceTree = "<group>"; };
		ACFF344D1BCF30EE00FAF2E1 /* SQSTDQMModel.swift */ = {isa = PBXFileReference; fileEncoding = 4; lastKnownFileType = sourcecode.swift; path = SQSTDQMModel.swift; sourceTree = "<group>"; };
		ACFF344F1BCF314E00FAF2E1 /* MAccountInfo.swift */ = {isa = PBXFileReference; fileEncoding = 4; lastKnownFileType = sourcecode.swift; path = MAccountInfo.swift; sourceTree = "<group>"; };
		ACFF34521BCF3F7B00FAF2E1 /* SQSAIQMModel.swift */ = {isa = PBXFileReference; fileEncoding = 4; lastKnownFileType = sourcecode.swift; path = SQSAIQMModel.swift; sourceTree = "<group>"; };
		ACFF345C1BCF525300FAF2E1 /* SMTUC_UI.storyboard */ = {isa = PBXFileReference; fileEncoding = 4; lastKnownFileType = file.storyboard; path = SMTUC_UI.storyboard; sourceTree = "<group>"; };
/* End PBXFileReference section */

/* Begin PBXFrameworksBuildPhase section */
		AC57458B1BC788910016A137 /* Frameworks */ = {
			isa = PBXFrameworksBuildPhase;
			buildActionMask = 2147483647;
			files = (
				DE3091AC99EA4532A27B68DA /* Pods_TrcBank.framework in Frameworks */,
			);
			runOnlyForDeploymentPostprocessing = 0;
		};
		AC5745A11BC788910016A137 /* Frameworks */ = {
			isa = PBXFrameworksBuildPhase;
			buildActionMask = 2147483647;
			files = (
			);
			runOnlyForDeploymentPostprocessing = 0;
		};
		AC5745AC1BC788910016A137 /* Frameworks */ = {
			isa = PBXFrameworksBuildPhase;
			buildActionMask = 2147483647;
			files = (
			);
			runOnlyForDeploymentPostprocessing = 0;
		};
/* End PBXFrameworksBuildPhase section */

/* Begin PBXGroup section */
		07E641D3C85D4B81152E98B6 /* Pods */ = {
			isa = PBXGroup;
			children = (
				6758C12D53D2530AC899AA26 /* Pods-TrcBank.debug.xcconfig */,
				372C14A7B20A2692519794B8 /* Pods-TrcBank.release.xcconfig */,
			);
			name = Pods;
			sourceTree = "<group>";
		};
		AC5745851BC788910016A137 = {
			isa = PBXGroup;
			children = (
				AC5745901BC788910016A137 /* TrcBank */,
				AC5745A71BC788910016A137 /* TrcBankTests */,
				AC5745B21BC788910016A137 /* TrcBankUITests */,
				AC57458F1BC788910016A137 /* Products */,
				07E641D3C85D4B81152E98B6 /* Pods */,
				AF97C0B9D9D59B5AB1A88820 /* Frameworks */,
			);
			sourceTree = "<group>";
		};
		AC57458F1BC788910016A137 /* Products */ = {
			isa = PBXGroup;
			children = (
				AC57458E1BC788910016A137 /* TrcBank.app */,
				AC5745A41BC788910016A137 /* TrcBankTests.xctest */,
				AC5745AF1BC788910016A137 /* TrcBankUITests.xctest */,
			);
			name = Products;
			sourceTree = "<group>";
		};
		AC5745901BC788910016A137 /* TrcBank */ = {
			isa = PBXGroup;
			children = (
				ACFF34291BCF2AD600FAF2E1 /* Sections */,
				ACE69D251BCE97F0002A7369 /* Model */,
				ACA212C01BCE56A2000B66AA /* Core */,
				ACA212C21BCE56A2000B66AA /* General */,
				AC8486481BC8A42900DBD95D /* Assets.xcassets */,
				AC57459C1BC788910016A137 /* LaunchScreen.storyboard */,
				AC57459F1BC788910016A137 /* Info.plist */,
			);
			path = TrcBank;
			sourceTree = "<group>";
		};
		AC5745A71BC788910016A137 /* TrcBankTests */ = {
			isa = PBXGroup;
			children = (
				AC5745A81BC788910016A137 /* TrcBankTests.swift */,
				AC5745AA1BC788910016A137 /* Info.plist */,
			);
			path = TrcBankTests;
			sourceTree = "<group>";
		};
		AC5745B21BC788910016A137 /* TrcBankUITests */ = {
			isa = PBXGroup;
			children = (
				AC5745B31BC788910016A137 /* TrcBankUITests.swift */,
				AC5745B51BC788910016A137 /* Info.plist */,
			);
			path = TrcBankUITests;
			sourceTree = "<group>";
		};
		ACA212C01BCE56A2000B66AA /* Core */ = {
			isa = PBXGroup;
			children = (
				ACA212C11BCE56A2000B66AA /* AppDelegate.swift */,
			);
			path = Core;
			sourceTree = "<group>";
		};
		ACA212C21BCE56A2000B66AA /* General */ = {
			isa = PBXGroup;
			children = (
				ACA212C31BCE56A2000B66AA /* Base */,
				ACA212C91BCE56A2000B66AA /* CustomUI */,
				ACA212CC1BCE56A2000B66AA /* Helper */,
			);
			path = General;
			sourceTree = "<group>";
		};
		ACA212C31BCE56A2000B66AA /* Base */ = {
			isa = PBXGroup;
			children = (
				ACA212C41BCE56A2000B66AA /* GBLoginViewController.swift */,
				ACA212C51BCE56A2000B66AA /* GBMenuCell.swift */,
				ACA212C61BCE56A2000B66AA /* GBMenuLayout.swift */,
				ACA212C71BCE56A2000B66AA /* GBMenuViewController.swift */,
				ACE69D281BCEA84F002A7369 /* GBSubMenuViewController.swift */,
				ACA212C81BCE56A2000B66AA /* GBNavigationController.swift */,
				ACA76F381BD0D28700B9D7A9 /* GBAccountInfoViewController.swift */,
			);
			path = Base;
			sourceTree = "<group>";
		};
		ACA212C91BCE56A2000B66AA /* CustomUI */ = {
			isa = PBXGroup;
			children = (
				ACA212CA1BCE56A2000B66AA /* GBLoginViewController.xib */,
				ACA212CB1BCE56A2000B66AA /* GBMenuCell.xib */,
				ACE69D2A1BCEAB7D002A7369 /* GBSubMenu.xib */,
				ACA76F361BD0D03D00B9D7A9 /* GBAccountInfoViewController.xib */,
			);
			path = CustomUI;
			sourceTree = "<group>";
		};
		ACA212CC1BCE56A2000B66AA /* Helper */ = {
			isa = PBXGroup;
			children = (
				ACA212CD1BCE56A2000B66AA /* GBHelpers.swift */,
			);
			path = Helper;
			sourceTree = "<group>";
		};
		ACE69D251BCE97F0002A7369 /* Model */ = {
			isa = PBXGroup;
			children = (
				ACE69D261BCE982C002A7369 /* MMenu.swift */,
				ACFF344F1BCF314E00FAF2E1 /* MAccountInfo.swift */,
			);
			path = Model;
			sourceTree = "<group>";
		};
		ACFF34291BCF2AD600FAF2E1 /* Sections */ = {
			isa = PBXGroup;
			children = (
				ACFF34581BCF524400FAF2E1 /* MobileTopUp */,
				ACFF342A1BCF2AD600FAF2E1 /* QueryService */,
			);
			path = Sections;
			sourceTree = "<group>";
		};
		ACFF342A1BCF2AD600FAF2E1 /* QueryService */ = {
			isa = PBXGroup;
			children = (
				ACFF34321BCF2DD000FAF2E1 /* AccountInfoQuery */,
				ACFF34391BCF2DD000FAF2E1 /* CrossBankAccountInfoQuery */,
				ACFF343A1BCF2DD000FAF2E1 /* MobileLogQuery */,
				ACFF343B1BCF2DD000FAF2E1 /* TransDetailQuery */,
			);
			path = QueryService;
			sourceTree = "<group>";
		};
		ACFF34321BCF2DD000FAF2E1 /* AccountInfoQuery */ = {
			isa = PBXGroup;
			children = (
				ACFF34331BCF2DD000FAF2E1 /* CustomUI */,
				ACFF34511BCF3F4500FAF2E1 /* Model */,
				ACFF34351BCF2DD000FAF2E1 /* ViewControllers */,
			);
			path = AccountInfoQuery;
			sourceTree = "<group>";
		};
		ACFF34331BCF2DD000FAF2E1 /* CustomUI */ = {
			isa = PBXGroup;
			children = (
				ACFF34341BCF2DD000FAF2E1 /* SQSAIQC_UI.storyboard */,
			);
			path = CustomUI;
			sourceTree = "<group>";
		};
		ACFF34351BCF2DD000FAF2E1 /* ViewControllers */ = {
			isa = PBXGroup;
			children = (
				ACFF34361BCF2DD000FAF2E1 /* SQSAIQVDetailViewController.swift */,
				ACFF34371BCF2DD000FAF2E1 /* SQSAIQVListViewCell.swift */,
				ACFF34381BCF2DD000FAF2E1 /* SQSAIQVListViewController.swift */,
			);
			path = ViewControllers;
			sourceTree = "<group>";
		};
		ACFF34391BCF2DD000FAF2E1 /* CrossBankAccountInfoQuery */ = {
			isa = PBXGroup;
			children = (
			);
			path = CrossBankAccountInfoQuery;
			sourceTree = "<group>";
		};
		ACFF343A1BCF2DD000FAF2E1 /* MobileLogQuery */ = {
			isa = PBXGroup;
			children = (
			);
			path = MobileLogQuery;
			sourceTree = "<group>";
		};
		ACFF343B1BCF2DD000FAF2E1 /* TransDetailQuery */ = {
			isa = PBXGroup;
			children = (
				ACFF343C1BCF2DD000FAF2E1 /* CustomUI */,
				ACFF343E1BCF2DD000FAF2E1 /* Model */,
				ACFF343F1BCF2DD000FAF2E1 /* ViewControllers */,
			);
			path = TransDetailQuery;
			sourceTree = "<group>";
		};
		ACFF343C1BCF2DD000FAF2E1 /* CustomUI */ = {
			isa = PBXGroup;
			children = (
				ACFF343D1BCF2DD000FAF2E1 /* SQSTDQC_UI.storyboard */,
			);
			path = CustomUI;
			sourceTree = "<group>";
		};
		ACFF343E1BCF2DD000FAF2E1 /* Model */ = {
			isa = PBXGroup;
			children = (
				ACFF344D1BCF30EE00FAF2E1 /* SQSTDQMModel.swift */,
			);
			path = Model;
			sourceTree = "<group>";
		};
		ACFF343F1BCF2DD000FAF2E1 /* ViewControllers */ = {
			isa = PBXGroup;
			children = (
				ACFF34401BCF2DD000FAF2E1 /* SQSTDQVDetailViewController.swift */,
				ACFF34411BCF2DD000FAF2E1 /* SQSTDQVListViewCell.swift */,
				ACFF34421BCF2DD000FAF2E1 /* SQSTDQVListViewController.swift */,
				ACFF34431BCF2DD000FAF2E1 /* SQSTDQVPreViewController.swift */,
			);
			path = ViewControllers;
			sourceTree = "<group>";
		};
		ACFF34511BCF3F4500FAF2E1 /* Model */ = {
			isa = PBXGroup;
			children = (
				ACFF34521BCF3F7B00FAF2E1 /* SQSAIQMModel.swift */,
			);
			path = Model;
			sourceTree = "<group>";
		};
		ACFF34581BCF524400FAF2E1 /* MobileTopUp */ = {
			isa = PBXGroup;
			children = (
				ACFF34591BCF524400FAF2E1 /* CustomUI */,
				ACFF345A1BCF524400FAF2E1 /* Model */,
				ACFF345B1BCF524400FAF2E1 /* ViewControllers */,
			);
			path = MobileTopUp;
			sourceTree = "<group>";
		};
		ACFF34591BCF524400FAF2E1 /* CustomUI */ = {
			isa = PBXGroup;
			children = (
				ACFF345C1BCF525300FAF2E1 /* SMTUC_UI.storyboard */,
			);
			path = CustomUI;
			sourceTree = "<group>";
		};
		ACFF345A1BCF524400FAF2E1 /* Model */ = {
			isa = PBXGroup;
			children = (
				ACA76F3C1BD0EC0700B9D7A9 /* SMTUMModel.swift */,
			);
			path = Model;
			sourceTree = "<group>";
		};
		ACFF345B1BCF524400FAF2E1 /* ViewControllers */ = {
			isa = PBXGroup;
			children = (
				ACA76F3A1BD0D80400B9D7A9 /* SMTUVPreViewController.swift */,
			);
			path = ViewControllers;
			sourceTree = "<group>";
		};
		AF97C0B9D9D59B5AB1A88820 /* Frameworks */ = {
			isa = PBXGroup;
			children = (
				A3B57EBA44B010DE349D77F6 /* Pods_TrcBank.framework */,
			);
			name = Frameworks;
			sourceTree = "<group>";
		};
/* End PBXGroup section */

/* Begin PBXNativeTarget section */
		AC57458D1BC788910016A137 /* TrcBank */ = {
			isa = PBXNativeTarget;
			buildConfigurationList = AC5745B81BC788910016A137 /* Build configuration list for PBXNativeTarget "TrcBank" */;
			buildPhases = (
				BDD4C8FFA449EC2869AE5E12 /* Check Pods Manifest.lock */,
				AC57458A1BC788910016A137 /* Sources */,
				AC57458B1BC788910016A137 /* Frameworks */,
				AC57458C1BC788910016A137 /* Resources */,
				A8BCE3EBA787001546FC08CF /* Embed Pods Frameworks */,
				DCA52C811BCEF62B6D374964 /* Copy Pods Resources */,
			);
			buildRules = (
			);
			dependencies = (
			);
			name = TrcBank;
			productName = TrcBank;
			productReference = AC57458E1BC788910016A137 /* TrcBank.app */;
			productType = "com.apple.product-type.application";
		};
		AC5745A31BC788910016A137 /* TrcBankTests */ = {
			isa = PBXNativeTarget;
			buildConfigurationList = AC5745BB1BC788910016A137 /* Build configuration list for PBXNativeTarget "TrcBankTests" */;
			buildPhases = (
				AC5745A01BC788910016A137 /* Sources */,
				AC5745A11BC788910016A137 /* Frameworks */,
				AC5745A21BC788910016A137 /* Resources */,
			);
			buildRules = (
			);
			dependencies = (
				AC5745A61BC788910016A137 /* PBXTargetDependency */,
			);
			name = TrcBankTests;
			productName = TrcBankTests;
			productReference = AC5745A41BC788910016A137 /* TrcBankTests.xctest */;
			productType = "com.apple.product-type.bundle.unit-test";
		};
		AC5745AE1BC788910016A137 /* TrcBankUITests */ = {
			isa = PBXNativeTarget;
			buildConfigurationList = AC5745BE1BC788910016A137 /* Build configuration list for PBXNativeTarget "TrcBankUITests" */;
			buildPhases = (
				AC5745AB1BC788910016A137 /* Sources */,
				AC5745AC1BC788910016A137 /* Frameworks */,
				AC5745AD1BC788910016A137 /* Resources */,
			);
			buildRules = (
			);
			dependencies = (
				AC5745B11BC788910016A137 /* PBXTargetDependency */,
			);
			name = TrcBankUITests;
			productName = TrcBankUITests;
			productReference = AC5745AF1BC788910016A137 /* TrcBankUITests.xctest */;
			productType = "com.apple.product-type.bundle.ui-testing";
		};
/* End PBXNativeTarget section */

/* Begin PBXProject section */
		AC5745861BC788910016A137 /* Project object */ = {
			isa = PBXProject;
			attributes = {
				LastSwiftUpdateCheck = 0700;
				LastUpgradeCheck = 0700;
				ORGANIZATIONNAME = Stoner.Wong;
				TargetAttributes = {
					AC57458D1BC788910016A137 = {
						CreatedOnToolsVersion = 7.0.1;
						DevelopmentTeam = 5QR5MQ97FQ;
					};
					AC5745A31BC788910016A137 = {
						CreatedOnToolsVersion = 7.0.1;
						TestTargetID = AC57458D1BC788910016A137;
					};
					AC5745AE1BC788910016A137 = {
						CreatedOnToolsVersion = 7.0.1;
						TestTargetID = AC57458D1BC788910016A137;
					};
				};
			};
			buildConfigurationList = AC5745891BC788910016A137 /* Build configuration list for PBXProject "TrcBank" */;
			compatibilityVersion = "Xcode 3.2";
			developmentRegion = English;
			hasScannedForEncodings = 0;
			knownRegions = (
				en,
				Base,
			);
			mainGroup = AC5745851BC788910016A137;
			productRefGroup = AC57458F1BC788910016A137 /* Products */;
			projectDirPath = "";
			projectRoot = "";
			targets = (
				AC57458D1BC788910016A137 /* TrcBank */,
				AC5745A31BC788910016A137 /* TrcBankTests */,
				AC5745AE1BC788910016A137 /* TrcBankUITests */,
			);
		};
/* End PBXProject section */

/* Begin PBXResourcesBuildPhase section */
		AC57458C1BC788910016A137 /* Resources */ = {
			isa = PBXResourcesBuildPhase;
			buildActionMask = 2147483647;
			files = (
				AC57459E1BC788910016A137 /* LaunchScreen.storyboard in Resources */,
				ACA212D51BCE56A2000B66AA /* GBMenuCell.xib in Resources */,
				AC8486491BC8A42900DBD95D /* Assets.xcassets in Resources */,
				ACFF345D1BCF525300FAF2E1 /* SMTUC_UI.storyboard in Resources */,
				ACE69D2B1BCEAB7D002A7369 /* GBSubMenu.xib in Resources */,
				ACFF34441BCF2DD000FAF2E1 /* SQSAIQC_UI.storyboard in Resources */,
				ACA76F371BD0D03D00B9D7A9 /* GBAccountInfoViewController.xib in Resources */,
				ACFF34481BCF2DD000FAF2E1 /* SQSTDQC_UI.storyboard in Resources */,
				ACA212D41BCE56A2000B66AA /* GBLoginViewController.xib in Resources */,
			);
			runOnlyForDeploymentPostprocessing = 0;
		};
		AC5745A21BC788910016A137 /* Resources */ = {
			isa = PBXResourcesBuildPhase;
			buildActionMask = 2147483647;
			files = (
			);
			runOnlyForDeploymentPostprocessing = 0;
		};
		AC5745AD1BC788910016A137 /* Resources */ = {
			isa = PBXResourcesBuildPhase;
			buildActionMask = 2147483647;
			files = (
			);
			runOnlyForDeploymentPostprocessing = 0;
		};
/* End PBXResourcesBuildPhase section */

/* Begin PBXShellScriptBuildPhase section */
		A8BCE3EBA787001546FC08CF /* Embed Pods Frameworks */ = {
			isa = PBXShellScriptBuildPhase;
			buildActionMask = 2147483647;
			files = (
			);
			inputPaths = (
			);
			name = "Embed Pods Frameworks";
			outputPaths = (
			);
			runOnlyForDeploymentPostprocessing = 0;
			shellPath = /bin/sh;
			shellScript = "\"${SRCROOT}/Pods/Target Support Files/Pods-TrcBank/Pods-TrcBank-frameworks.sh\"\n";
			showEnvVarsInLog = 0;
		};
		BDD4C8FFA449EC2869AE5E12 /* Check Pods Manifest.lock */ = {
			isa = PBXShellScriptBuildPhase;
			buildActionMask = 2147483647;
			files = (
			);
			inputPaths = (
			);
			name = "Check Pods Manifest.lock";
			outputPaths = (
			);
			runOnlyForDeploymentPostprocessing = 0;
			shellPath = /bin/sh;
			shellScript = "diff \"${PODS_ROOT}/../Podfile.lock\" \"${PODS_ROOT}/Manifest.lock\" > /dev/null\nif [[ $? != 0 ]] ; then\n    cat << EOM\nerror: The sandbox is not in sync with the Podfile.lock. Run 'pod install' or update your CocoaPods installation.\nEOM\n    exit 1\nfi\n";
			showEnvVarsInLog = 0;
		};
		DCA52C811BCEF62B6D374964 /* Copy Pods Resources */ = {
			isa = PBXShellScriptBuildPhase;
			buildActionMask = 2147483647;
			files = (
			);
			inputPaths = (
			);
			name = "Copy Pods Resources";
			outputPaths = (
			);
			runOnlyForDeploymentPostprocessing = 0;
			shellPath = /bin/sh;
			shellScript = "\"${SRCROOT}/Pods/Target Support Files/Pods-TrcBank/Pods-TrcBank-resources.sh\"\n";
			showEnvVarsInLog = 0;
		};
/* End PBXShellScriptBuildPhase section */

/* Begin PBXSourcesBuildPhase section */
		AC57458A1BC788910016A137 /* Sources */ = {
			isa = PBXSourcesBuildPhase;
			buildActionMask = 2147483647;
			files = (
				ACA212D21BCE56A2000B66AA /* GBMenuViewController.swift in Sources */,
				ACA212D31BCE56A2000B66AA /* GBNavigationController.swift in Sources */,
				ACFF34471BCF2DD000FAF2E1 /* SQSAIQVListViewController.swift in Sources */,
				ACA76F391BD0D28700B9D7A9 /* GBAccountInfoViewController.swift in Sources */,
				ACFF34531BCF3F7B00FAF2E1 /* SQSAIQMModel.swift in Sources */,
				ACFF344B1BCF2DD000FAF2E1 /* SQSTDQVListViewController.swift in Sources */,
				ACA76F3D1BD0EC0700B9D7A9 /* SMTUMModel.swift in Sources */,
				ACFF34491BCF2DD000FAF2E1 /* SQSTDQVDetailViewController.swift in Sources */,
				ACA76F3B1BD0D80400B9D7A9 /* SMTUVPreViewController.swift in Sources */,
				ACA212D11BCE56A2000B66AA /* GBMenuLayout.swift in Sources */,
				ACA212CF1BCE56A2000B66AA /* GBLoginViewController.swift in Sources */,
				ACA212D01BCE56A2000B66AA /* GBMenuCell.swift in Sources */,
				ACE69D271BCE982C002A7369 /* MMenu.swift in Sources */,
				ACFF34461BCF2DD000FAF2E1 /* SQSAIQVListViewCell.swift in Sources */,
				ACFF34451BCF2DD000FAF2E1 /* SQSAIQVDetailViewController.swift in Sources */,
				ACE69D291BCEA84F002A7369 /* GBSubMenuViewController.swift in Sources */,
				ACA212CE1BCE56A2000B66AA /* AppDelegate.swift in Sources */,
				ACFF34501BCF314E00FAF2E1 /* MAccountInfo.swift in Sources */,
				ACFF344A1BCF2DD000FAF2E1 /* SQSTDQVListViewCell.swift in Sources */,
				ACFF344C1BCF2DD000FAF2E1 /* SQSTDQVPreViewController.swift in Sources */,
				ACFF344E1BCF30EE00FAF2E1 /* SQSTDQMModel.swift in Sources */,
				ACA212D61BCE56A2000B66AA /* GBHelpers.swift in Sources */,
			);
			runOnlyForDeploymentPostprocessing = 0;
		};
		AC5745A01BC788910016A137 /* Sources */ = {
			isa = PBXSourcesBuildPhase;
			buildActionMask = 2147483647;
			files = (
				AC5745A91BC788910016A137 /* TrcBankTests.swift in Sources */,
			);
			runOnlyForDeploymentPostprocessing = 0;
		};
		AC5745AB1BC788910016A137 /* Sources */ = {
			isa = PBXSourcesBuildPhase;
			buildActionMask = 2147483647;
			files = (
				AC5745B41BC788910016A137 /* TrcBankUITests.swift in Sources */,
			);
			runOnlyForDeploymentPostprocessing = 0;
		};
/* End PBXSourcesBuildPhase section */

/* Begin PBXTargetDependency section */
		AC5745A61BC788910016A137 /* PBXTargetDependency */ = {
			isa = PBXTargetDependency;
			target = AC57458D1BC788910016A137 /* TrcBank */;
			targetProxy = AC5745A51BC788910016A137 /* PBXContainerItemProxy */;
		};
		AC5745B11BC788910016A137 /* PBXTargetDependency */ = {
			isa = PBXTargetDependency;
			target = AC57458D1BC788910016A137 /* TrcBank */;
			targetProxy = AC5745B01BC788910016A137 /* PBXContainerItemProxy */;
		};
/* End PBXTargetDependency section */

/* Begin PBXVariantGroup section */
		AC57459C1BC788910016A137 /* LaunchScreen.storyboard */ = {
			isa = PBXVariantGroup;
			children = (
				AC57459D1BC788910016A137 /* Base */,
			);
			name = LaunchScreen.storyboard;
			sourceTree = "<group>";
		};
/* End PBXVariantGroup section */

/* Begin XCBuildConfiguration section */
		AC5745B61BC788910016A137 /* Debug */ = {
			isa = XCBuildConfiguration;
			buildSettings = {
				ALWAYS_SEARCH_USER_PATHS = NO;
				CLANG_CXX_LANGUAGE_STANDARD = "gnu++0x";
				CLANG_CXX_LIBRARY = "libc++";
				CLANG_ENABLE_MODULES = YES;
				CLANG_ENABLE_OBJC_ARC = YES;
				CLANG_WARN_BOOL_CONVERSION = YES;
				CLANG_WARN_CONSTANT_CONVERSION = YES;
				CLANG_WARN_DIRECT_OBJC_ISA_USAGE = YES_ERROR;
				CLANG_WARN_EMPTY_BODY = YES;
				CLANG_WARN_ENUM_CONVERSION = YES;
				CLANG_WARN_INT_CONVERSION = YES;
				CLANG_WARN_OBJC_ROOT_CLASS = YES_ERROR;
				CLANG_WARN_UNREACHABLE_CODE = YES;
				CLANG_WARN__DUPLICATE_METHOD_MATCH = YES;
				"CODE_SIGN_IDENTITY[sdk=iphoneos*]" = "iPhone Developer";
				COPY_PHASE_STRIP = NO;
				DEBUG_INFORMATION_FORMAT = dwarf;
				ENABLE_STRICT_OBJC_MSGSEND = YES;
				ENABLE_TESTABILITY = YES;
				GCC_C_LANGUAGE_STANDARD = gnu99;
				GCC_DYNAMIC_NO_PIC = NO;
				GCC_NO_COMMON_BLOCKS = YES;
				GCC_OPTIMIZATION_LEVEL = 0;
				GCC_PREPROCESSOR_DEFINITIONS = (
					"DEBUG=1",
					"$(inherited)",
				);
				GCC_WARN_64_TO_32_BIT_CONVERSION = YES;
				GCC_WARN_ABOUT_RETURN_TYPE = YES_ERROR;
				GCC_WARN_UNDECLARED_SELECTOR = YES;
				GCC_WARN_UNINITIALIZED_AUTOS = YES_AGGRESSIVE;
				GCC_WARN_UNUSED_FUNCTION = YES;
				GCC_WARN_UNUSED_VARIABLE = YES;
				IPHONEOS_DEPLOYMENT_TARGET = 9.0;
				MTL_ENABLE_DEBUG_INFO = YES;
				ONLY_ACTIVE_ARCH = YES;
				SDKROOT = iphoneos;
				SWIFT_OPTIMIZATION_LEVEL = "-Onone";
			};
			name = Debug;
		};
		AC5745B71BC788910016A137 /* Release */ = {
			isa = XCBuildConfiguration;
			buildSettings = {
				ALWAYS_SEARCH_USER_PATHS = NO;
				CLANG_CXX_LANGUAGE_STANDARD = "gnu++0x";
				CLANG_CXX_LIBRARY = "libc++";
				CLANG_ENABLE_MODULES = YES;
				CLANG_ENABLE_OBJC_ARC = YES;
				CLANG_WARN_BOOL_CONVERSION = YES;
				CLANG_WARN_CONSTANT_CONVERSION = YES;
				CLANG_WARN_DIRECT_OBJC_ISA_USAGE = YES_ERROR;
				CLANG_WARN_EMPTY_BODY = YES;
				CLANG_WARN_ENUM_CONVERSION = YES;
				CLANG_WARN_INT_CONVERSION = YES;
				CLANG_WARN_OBJC_ROOT_CLASS = YES_ERROR;
				CLANG_WARN_UNREACHABLE_CODE = YES;
				CLANG_WARN__DUPLICATE_METHOD_MATCH = YES;
				"CODE_SIGN_IDENTITY[sdk=iphoneos*]" = "iPhone Developer";
				COPY_PHASE_STRIP = NO;
				DEBUG_INFORMATION_FORMAT = "dwarf-with-dsym";
				ENABLE_NS_ASSERTIONS = NO;
				ENABLE_STRICT_OBJC_MSGSEND = YES;
				GCC_C_LANGUAGE_STANDARD = gnu99;
				GCC_NO_COMMON_BLOCKS = YES;
				GCC_WARN_64_TO_32_BIT_CONVERSION = YES;
				GCC_WARN_ABOUT_RETURN_TYPE = YES_ERROR;
				GCC_WARN_UNDECLARED_SELECTOR = YES;
				GCC_WARN_UNINITIALIZED_AUTOS = YES_AGGRESSIVE;
				GCC_WARN_UNUSED_FUNCTION = YES;
				GCC_WARN_UNUSED_VARIABLE = YES;
				IPHONEOS_DEPLOYMENT_TARGET = 9.0;
				MTL_ENABLE_DEBUG_INFO = NO;
				SDKROOT = iphoneos;
				VALIDATE_PRODUCT = YES;
			};
			name = Release;
		};
		AC5745B91BC788910016A137 /* Debug */ = {
			isa = XCBuildConfiguration;
			baseConfigurationReference = 6758C12D53D2530AC899AA26 /* Pods-TrcBank.debug.xcconfig */;
			buildSettings = {
				ASSETCATALOG_COMPILER_APPICON_NAME = AppIcon;
				CLANG_ENABLE_MODULES = YES;
				CODE_SIGN_IDENTITY = "iPhone Developer";
				INFOPLIST_FILE = TrcBank/Info.plist;
				LD_RUNPATH_SEARCH_PATHS = "$(inherited) @executable_path/Frameworks";
				PRODUCT_BUNDLE_IDENTIFIER = com.nucestudio.TrcBank;
				PRODUCT_NAME = "$(TARGET_NAME)";
				SWIFT_INSTALL_OBJC_HEADER = NO;
			};
			name = Debug;
		};
		AC5745BA1BC788910016A137 /* Release */ = {
			isa = XCBuildConfiguration;
			baseConfigurationReference = 372C14A7B20A2692519794B8 /* Pods-TrcBank.release.xcconfig */;
			buildSettings = {
				ASSETCATALOG_COMPILER_APPICON_NAME = AppIcon;
				CLANG_ENABLE_MODULES = YES;
				CODE_SIGN_IDENTITY = "iPhone Developer";
				INFOPLIST_FILE = TrcBank/Info.plist;
				LD_RUNPATH_SEARCH_PATHS = "$(inherited) @executable_path/Frameworks";
				PRODUCT_BUNDLE_IDENTIFIER = com.nucestudio.TrcBank;
				PRODUCT_NAME = "$(TARGET_NAME)";
				SWIFT_INSTALL_OBJC_HEADER = NO;
			};
			name = Release;
		};
		AC5745BC1BC788910016A137 /* Debug */ = {
			isa = XCBuildConfiguration;
			buildSettings = {
				BUNDLE_LOADER = "$(TEST_HOST)";
				INFOPLIST_FILE = TrcBankTests/Info.plist;
				LD_RUNPATH_SEARCH_PATHS = "$(inherited) @executable_path/Frameworks @loader_path/Frameworks";
				PRODUCT_BUNDLE_IDENTIFIER = com.nucestudio.TrcBankTests;
				PRODUCT_NAME = "$(TARGET_NAME)";
				TEST_HOST = "$(BUILT_PRODUCTS_DIR)/TrcBank.app/TrcBank";
			};
			name = Debug;
		};
		AC5745BD1BC788910016A137 /* Release */ = {
			isa = XCBuildConfiguration;
			buildSettings = {
				BUNDLE_LOADER = "$(TEST_HOST)";
				INFOPLIST_FILE = TrcBankTests/Info.plist;
				LD_RUNPATH_SEARCH_PATHS = "$(inherited) @executable_path/Frameworks @loader_path/Frameworks";
				PRODUCT_BUNDLE_IDENTIFIER = com.nucestudio.TrcBankTests;
				PRODUCT_NAME = "$(TARGET_NAME)";
				TEST_HOST = "$(BUILT_PRODUCTS_DIR)/TrcBank.app/TrcBank";
			};
			name = Release;
		};
		AC5745BF1BC788910016A137 /* Debug */ = {
			isa = XCBuildConfiguration;
			buildSettings = {
				INFOPLIST_FILE = TrcBankUITests/Info.plist;
				LD_RUNPATH_SEARCH_PATHS = "$(inherited) @executable_path/Frameworks @loader_path/Frameworks";
				PRODUCT_BUNDLE_IDENTIFIER = com.nucestudio.TrcBankUITests;
				PRODUCT_NAME = "$(TARGET_NAME)";
				TEST_TARGET_NAME = TrcBank;
				USES_XCTRUNNER = YES;
			};
			name = Debug;
		};
		AC5745C01BC788910016A137 /* Release */ = {
			isa = XCBuildConfiguration;
			buildSettings = {
				INFOPLIST_FILE = TrcBankUITests/Info.plist;
				LD_RUNPATH_SEARCH_PATHS = "$(inherited) @executable_path/Frameworks @loader_path/Frameworks";
				PRODUCT_BUNDLE_IDENTIFIER = com.nucestudio.TrcBankUITests;
				PRODUCT_NAME = "$(TARGET_NAME)";
				TEST_TARGET_NAME = TrcBank;
				USES_XCTRUNNER = YES;
			};
			name = Release;
		};
/* End XCBuildConfiguration section */

/* Begin XCConfigurationList section */
		AC5745891BC788910016A137 /* Build configuration list for PBXProject "TrcBank" */ = {
			isa = XCConfigurationList;
			buildConfigurations = (
				AC5745B61BC788910016A137 /* Debug */,
				AC5745B71BC788910016A137 /* Release */,
			);
			defaultConfigurationIsVisible = 0;
			defaultConfigurationName = Release;
		};
		AC5745B81BC788910016A137 /* Build configuration list for PBXNativeTarget "TrcBank" */ = {
			isa = XCConfigurationList;
			buildConfigurations = (
				AC5745B91BC788910016A137 /* Debug */,
				AC5745BA1BC788910016A137 /* Release */,
			);
			defaultConfigurationIsVisible = 0;
			defaultConfigurationName = Release;
		};
		AC5745BB1BC788910016A137 /* Build configuration list for PBXNativeTarget "TrcBankTests" */ = {
			isa = XCConfigurationList;
			buildConfigurations = (
				AC5745BC1BC788910016A137 /* Debug */,
				AC5745BD1BC788910016A137 /* Release */,
			);
			defaultConfigurationIsVisible = 0;
			defaultConfigurationName = Release;
		};
		AC5745BE1BC788910016A137 /* Build configuration list for PBXNativeTarget "TrcBankUITests" */ = {
			isa = XCConfigurationList;
			buildConfigurations = (
				AC5745BF1BC788910016A137 /* Debug */,
				AC5745C01BC788910016A137 /* Release */,
			);
			defaultConfigurationIsVisible = 0;
			defaultConfigurationName = Release;
		};
/* End XCConfigurationList section */
	};
	rootObject = AC5745861BC788910016A137 /* Project object */;
}
