// !$*UTF8*$!
{
	archiveVersion = 1;
	classes = {
	};
	objectVersion = 46;
	objects = {

/* Begin PBXBuildFile section */
		ACFA5BF21BBA1F5700612AD9 /* AppDelegate.swift in Sources */ = {isa = PBXBuildFile; fileRef = ACFA5BF11BBA1F5700612AD9 /* AppDelegate.swift */; };
		ACFA5BFB1BBA1F5700612AD9 /* Assets.xcassets in Resources */ = {isa = PBXBuildFile; fileRef = ACFA5BFA1BBA1F5700612AD9 /* Assets.xcassets */; };
		ACFA5BFE1BBA1F5700612AD9 /* LaunchScreen.storyboard in Resources */ = {isa = PBXBuildFile; fileRef = ACFA5BFC1BBA1F5700612AD9 /* LaunchScreen.storyboard */; };
		ACFA5C0E1BBA38E900612AD9 /* FirstTab.storyboard in Resources */ = {isa = PBXBuildFile; fileRef = ACFA5C0C1BBA38E900612AD9 /* FirstTab.storyboard */; settings = {ASSET_TAGS = (); }; };
		ACFA5C151BBA600700612AD9 /* TableViewController.swift in Sources */ = {isa = PBXBuildFile; fileRef = ACFA5C141BBA600700612AD9 /* TableViewController.swift */; settings = {ASSET_TAGS = (); }; };
		ACFA5C171BBA608600612AD9 /* FirstDetail.storyboard in Resources */ = {isa = PBXBuildFile; fileRef = ACFA5C161BBA608600612AD9 /* FirstDetail.storyboard */; settings = {ASSET_TAGS = (); }; };
		ACFA5C191BBA60E100612AD9 /* SecondDetail.storyboard in Resources */ = {isa = PBXBuildFile; fileRef = ACFA5C181BBA60E100612AD9 /* SecondDetail.storyboard */; settings = {ASSET_TAGS = (); }; };
		ACFA5C1B1BBA6E3A00612AD9 /* SecondTab.storyboard in Resources */ = {isa = PBXBuildFile; fileRef = ACFA5C1A1BBA6E3A00612AD9 /* SecondTab.storyboard */; settings = {ASSET_TAGS = (); }; };
/* End PBXBuildFile section */

/* Begin PBXFileReference section */
		ACFA5BEE1BBA1F5700612AD9 /* Storyboards.app */ = {isa = PBXFileReference; explicitFileType = wrapper.application; includeInIndex = 0; path = Storyboards.app; sourceTree = BUILT_PRODUCTS_DIR; };
		ACFA5BF11BBA1F5700612AD9 /* AppDelegate.swift */ = {isa = PBXFileReference; lastKnownFileType = sourcecode.swift; path = AppDelegate.swift; sourceTree = "<group>"; };
		ACFA5BFA1BBA1F5700612AD9 /* Assets.xcassets */ = {isa = PBXFileReference; lastKnownFileType = folder.assetcatalog; path = Assets.xcassets; sourceTree = "<group>"; };
		ACFA5BFD1BBA1F5700612AD9 /* Base */ = {isa = PBXFileReference; lastKnownFileType = file.storyboard; name = Base; path = Base.lproj/LaunchScreen.storyboard; sourceTree = "<group>"; };
		ACFA5BFF1BBA1F5700612AD9 /* Info.plist */ = {isa = PBXFileReference; lastKnownFileType = text.plist.xml; path = Info.plist; sourceTree = "<group>"; };
		ACFA5C0D1BBA38E900612AD9 /* Base */ = {isa = PBXFileReference; lastKnownFileType = file.storyboard; name = Base; path = Base.lproj/FirstTab.storyboard; sourceTree = "<group>"; };
		ACFA5C141BBA600700612AD9 /* TableViewController.swift */ = {isa = PBXFileReference; fileEncoding = 4; lastKnownFileType = sourcecode.swift; path = TableViewController.swift; sourceTree = "<group>"; };
		ACFA5C161BBA608600612AD9 /* FirstDetail.storyboard */ = {isa = PBXFileReference; fileEncoding = 4; lastKnownFileType = file.storyboard; path = FirstDetail.storyboard; sourceTree = "<group>"; };
		ACFA5C181BBA60E100612AD9 /* SecondDetail.storyboard */ = {isa = PBXFileReference; fileEncoding = 4; lastKnownFileType = file.storyboard; path = SecondDetail.storyboard; sourceTree = "<group>"; };
		ACFA5C1A1BBA6E3A00612AD9 /* SecondTab.storyboard */ = {isa = PBXFileReference; fileEncoding = 4; lastKnownFileType = file.storyboard; path = SecondTab.storyboard; sourceTree = "<group>"; };
/* End PBXFileReference section */

/* Begin PBXFrameworksBuildPhase section */
		ACFA5BEB1BBA1F5700612AD9 /* Frameworks */ = {
			isa = PBXFrameworksBuildPhase;
			buildActionMask = 2147483647;
			files = (
			);
			runOnlyForDeploymentPostprocessing = 0;
		};
/* End PBXFrameworksBuildPhase section */

/* Begin PBXGroup section */
		ACFA5BE51BBA1F5700612AD9 = {
			isa = PBXGroup;
			children = (
				ACFA5BF01BBA1F5700612AD9 /* Storyboards */,
				ACFA5BEF1BBA1F5700612AD9 /* Products */,
			);
			sourceTree = "<group>";
		};
		ACFA5BEF1BBA1F5700612AD9 /* Products */ = {
			isa = PBXGroup;
			children = (
				ACFA5BEE1BBA1F5700612AD9 /* Storyboards.app */,
			);
			name = Products;
			sourceTree = "<group>";
		};
		ACFA5BF01BBA1F5700612AD9 /* Storyboards */ = {
			isa = PBXGroup;
			children = (
				ACFA5BF11BBA1F5700612AD9 /* AppDelegate.swift */,
				ACFA5C1D1BBA6ECA00612AD9 /* FirstTab */,
				ACFA5C1E1BBA6EE800612AD9 /* SecondTab */,
				ACFA5BFA1BBA1F5700612AD9 /* Assets.xcassets */,
				ACFA5BFC1BBA1F5700612AD9 /* LaunchScreen.storyboard */,
				ACFA5BFF1BBA1F5700612AD9 /* Info.plist */,
			);
			path = Storyboards;
			sourceTree = "<group>";
		};
		ACFA5C1C1BBA6E5700612AD9 /* FirstDetail */ = {
			isa = PBXGroup;
			children = (
				ACFA5C161BBA608600612AD9 /* FirstDetail.storyboard */,
			);
			name = FirstDetail;
			sourceTree = "<group>";
		};
		ACFA5C1D1BBA6ECA00612AD9 /* FirstTab */ = {
			isa = PBXGroup;
			children = (
				ACFA5C1C1BBA6E5700612AD9 /* FirstDetail */,
				ACFA5C141BBA600700612AD9 /* TableViewController.swift */,
				ACFA5C0C1BBA38E900612AD9 /* FirstTab.storyboard */,
			);
			name = FirstTab;
			sourceTree = "<group>";
		};
		ACFA5C1E1BBA6EE800612AD9 /* SecondTab */ = {
			isa = PBXGroup;
			children = (
				ACFA5C1F1BBA6EF900612AD9 /* SecondDetail */,
				ACFA5C1A1BBA6E3A00612AD9 /* SecondTab.storyboard */,
			);
			name = SecondTab;
			sourceTree = "<group>";
		};
		ACFA5C1F1BBA6EF900612AD9 /* SecondDetail */ = {
			isa = PBXGroup;
			children = (
				ACFA5C181BBA60E100612AD9 /* SecondDetail.storyboard */,
			);
			name = SecondDetail;
			sourceTree = "<group>";
		};
/* End PBXGroup section */

/* Begin PBXNativeTarget section */
		ACFA5BED1BBA1F5700612AD9 /* Storyboards */ = {
			isa = PBXNativeTarget;
			buildConfigurationList = ACFA5C021BBA1F5700612AD9 /* Build configuration list for PBXNativeTarget "Storyboards" */;
			buildPhases = (
				ACFA5BEA1BBA1F5700612AD9 /* Sources */,
				ACFA5BEB1BBA1F5700612AD9 /* Frameworks */,
				ACFA5BEC1BBA1F5700612AD9 /* Resources */,
			);
			buildRules = (
			);
			dependencies = (
			);
			name = Storyboards;
			productName = Storyboards;
			productReference = ACFA5BEE1BBA1F5700612AD9 /* Storyboards.app */;
			productType = "com.apple.product-type.application";
		};
/* End PBXNativeTarget section */

/* Begin PBXProject section */
		ACFA5BE61BBA1F5700612AD9 /* Project object */ = {
			isa = PBXProject;
			attributes = {
				LastUpgradeCheck = 0700;
				ORGANIZATIONNAME = Stoner.Wong;
				TargetAttributes = {
					ACFA5BED1BBA1F5700612AD9 = {
						CreatedOnToolsVersion = 7.0;
						DevelopmentTeam = UFX22EDK7T;
					};
				};
			};
			buildConfigurationList = ACFA5BE91BBA1F5700612AD9 /* Build configuration list for PBXProject "Storyboards" */;
			compatibilityVersion = "Xcode 3.2";
			developmentRegion = English;
			hasScannedForEncodings = 0;
			knownRegions = (
				en,
				Base,
			);
			mainGroup = ACFA5BE51BBA1F5700612AD9;
			productRefGroup = ACFA5BEF1BBA1F5700612AD9 /* Products */;
			projectDirPath = "";
			projectRoot = "";
			targets = (
				ACFA5BED1BBA1F5700612AD9 /* Storyboards */,
			);
		};
/* End PBXProject section */

/* Begin PBXResourcesBuildPhase section */
		ACFA5BEC1BBA1F5700612AD9 /* Resources */ = {
			isa = PBXResourcesBuildPhase;
			buildActionMask = 2147483647;
			files = (
				ACFA5BFE1BBA1F5700612AD9 /* LaunchScreen.storyboard in Resources */,
				ACFA5C171BBA608600612AD9 /* FirstDetail.storyboard in Resources */,
				ACFA5C0E1BBA38E900612AD9 /* FirstTab.storyboard in Resources */,
				ACFA5BFB1BBA1F5700612AD9 /* Assets.xcassets in Resources */,
				ACFA5C1B1BBA6E3A00612AD9 /* SecondTab.storyboard in Resources */,
				ACFA5C191BBA60E100612AD9 /* SecondDetail.storyboard in Resources */,
			);
			runOnlyForDeploymentPostprocessing = 0;
		};
/* End PBXResourcesBuildPhase section */

/* Begin PBXSourcesBuildPhase section */
		ACFA5BEA1BBA1F5700612AD9 /* Sources */ = {
			isa = PBXSourcesBuildPhase;
			buildActionMask = 2147483647;
			files = (
				ACFA5BF21BBA1F5700612AD9 /* AppDelegate.swift in Sources */,
				ACFA5C151BBA600700612AD9 /* TableViewController.swift in Sources */,
			);
			runOnlyForDeploymentPostprocessing = 0;
		};
/* End PBXSourcesBuildPhase section */

/* Begin PBXVariantGroup section */
		ACFA5BFC1BBA1F5700612AD9 /* LaunchScreen.storyboard */ = {
			isa = PBXVariantGroup;
			children = (
				ACFA5BFD1BBA1F5700612AD9 /* Base */,
			);
			name = LaunchScreen.storyboard;
			sourceTree = "<group>";
		};
		ACFA5C0C1BBA38E900612AD9 /* FirstTab.storyboard */ = {
			isa = PBXVariantGroup;
			children = (
				ACFA5C0D1BBA38E900612AD9 /* Base */,
			);
			name = FirstTab.storyboard;
			sourceTree = "<group>";
		};
/* End PBXVariantGroup section */

/* Begin XCBuildConfiguration section */
		ACFA5C001BBA1F5700612AD9 /* Debug */ = {
			isa = XCBuildConfiguration;
			buildSettings = {
				ALWAYS_SEARCH_USER_PATHS = NO;
				CLANG_CXX_LANGUAGE_STANDARD = "gnu++0x";
				CLANG_CXX_LIBRARY = "libc++";
				CLANG_ENABLE_MODULES = YES;
				CLANG_ENABLE_OBJC_ARC = YES;
				CLANG_WARN_BOOL_CONVERSION = YES;
				CLANG_WARN_CONSTANT_CONVERSION = YES;
				CLANG_WARN_DIRECT_OBJC_ISA_USAGE = YES_ERROR;
				CLANG_WARN_EMPTY_BODY = YES;
				CLANG_WARN_ENUM_CONVERSION = YES;
				CLANG_WARN_INT_CONVERSION = YES;
				CLANG_WARN_OBJC_ROOT_CLASS = YES_ERROR;
				CLANG_WARN_UNREACHABLE_CODE = YES;
				CLANG_WARN__DUPLICATE_METHOD_MATCH = YES;
				"CODE_SIGN_IDENTITY[sdk=iphoneos*]" = "iPhone Developer";
				COPY_PHASE_STRIP = NO;
				DEBUG_INFORMATION_FORMAT = dwarf;
				ENABLE_STRICT_OBJC_MSGSEND = YES;
				ENABLE_TESTABILITY = YES;
				GCC_C_LANGUAGE_STANDARD = gnu99;
				GCC_DYNAMIC_NO_PIC = NO;
				GCC_NO_COMMON_BLOCKS = YES;
				GCC_OPTIMIZATION_LEVEL = 0;
				GCC_PREPROCESSOR_DEFINITIONS = (
					"DEBUG=1",
					"$(inherited)",
				);
				GCC_WARN_64_TO_32_BIT_CONVERSION = YES;
				GCC_WARN_ABOUT_RETURN_TYPE = YES_ERROR;
				GCC_WARN_UNDECLARED_SELECTOR = YES;
				GCC_WARN_UNINITIALIZED_AUTOS = YES_AGGRESSIVE;
				GCC_WARN_UNUSED_FUNCTION = YES;
				GCC_WARN_UNUSED_VARIABLE = YES;
				IPHONEOS_DEPLOYMENT_TARGET = 9.0;
				MTL_ENABLE_DEBUG_INFO = YES;
				ONLY_ACTIVE_ARCH = YES;
				SDKROOT = iphoneos;
				SWIFT_OPTIMIZATION_LEVEL = "-Onone";
			};
			name = Debug;
		};
		ACFA5C011BBA1F5700612AD9 /* Release */ = {
			isa = XCBuildConfiguration;
			buildSettings = {
				ALWAYS_SEARCH_USER_PATHS = NO;
				CLANG_CXX_LANGUAGE_STANDARD = "gnu++0x";
				CLANG_CXX_LIBRARY = "libc++";
				CLANG_ENABLE_MODULES = YES;
				CLANG_ENABLE_OBJC_ARC = YES;
				CLANG_WARN_BOOL_CONVERSION = YES;
				CLANG_WARN_CONSTANT_CONVERSION = YES;
				CLANG_WARN_DIRECT_OBJC_ISA_USAGE = YES_ERROR;
				CLANG_WARN_EMPTY_BODY = YES;
				CLANG_WARN_ENUM_CONVERSION = YES;
				CLANG_WARN_INT_CONVERSION = YES;
				CLANG_WARN_OBJC_ROOT_CLASS = YES_ERROR;
				CLANG_WARN_UNREACHABLE_CODE = YES;
				CLANG_WARN__DUPLICATE_METHOD_MATCH = YES;
				"CODE_SIGN_IDENTITY[sdk=iphoneos*]" = "iPhone Developer";
				COPY_PHASE_STRIP = NO;
				DEBUG_INFORMATION_FORMAT = "dwarf-with-dsym";
				ENABLE_NS_ASSERTIONS = NO;
				ENABLE_STRICT_OBJC_MSGSEND = YES;
				GCC_C_LANGUAGE_STANDARD = gnu99;
				GCC_NO_COMMON_BLOCKS = YES;
				GCC_WARN_64_TO_32_BIT_CONVERSION = YES;
				GCC_WARN_ABOUT_RETURN_TYPE = YES_ERROR;
				GCC_WARN_UNDECLARED_SELECTOR = YES;
				GCC_WARN_UNINITIALIZED_AUTOS = YES_AGGRESSIVE;
				GCC_WARN_UNUSED_FUNCTION = YES;
				GCC_WARN_UNUSED_VARIABLE = YES;
				IPHONEOS_DEPLOYMENT_TARGET = 9.0;
				MTL_ENABLE_DEBUG_INFO = NO;
				SDKROOT = iphoneos;
				VALIDATE_PRODUCT = YES;
			};
			name = Release;
		};
		ACFA5C031BBA1F5700612AD9 /* Debug */ = {
			isa = XCBuildConfiguration;
			buildSettings = {
				ASSETCATALOG_COMPILER_APPICON_NAME = AppIcon;
				INFOPLIST_FILE = Storyboards/Info.plist;
				IPHONEOS_DEPLOYMENT_TARGET = 8.4;
				LD_RUNPATH_SEARCH_PATHS = "$(inherited) @executable_path/Frameworks";
				PRODUCT_BUNDLE_IDENTIFIER = com.sw.Storyboards;
				PRODUCT_NAME = "$(TARGET_NAME)";
				TARGETED_DEVICE_FAMILY = 1;
			};
			name = Debug;
		};
		ACFA5C041BBA1F5700612AD9 /* Release */ = {
			isa = XCBuildConfiguration;
			buildSettings = {
				ASSETCATALOG_COMPILER_APPICON_NAME = AppIcon;
				INFOPLIST_FILE = Storyboards/Info.plist;
				IPHONEOS_DEPLOYMENT_TARGET = 8.4;
				LD_RUNPATH_SEARCH_PATHS = "$(inherited) @executable_path/Frameworks";
				PRODUCT_BUNDLE_IDENTIFIER = com.sw.Storyboards;
				PRODUCT_NAME = "$(TARGET_NAME)";
				TARGETED_DEVICE_FAMILY = 1;
			};
			name = Release;
		};
/* End XCBuildConfiguration section */

/* Begin XCConfigurationList section */
		ACFA5BE91BBA1F5700612AD9 /* Build configuration list for PBXProject "Storyboards" */ = {
			isa = XCConfigurationList;
			buildConfigurations = (
				ACFA5C001BBA1F5700612AD9 /* Debug */,
				ACFA5C011BBA1F5700612AD9 /* Release */,
			);
			defaultConfigurationIsVisible = 0;
			defaultConfigurationName = Release;
		};
		ACFA5C021BBA1F5700612AD9 /* Build configuration list for PBXNativeTarget "Storyboards" */ = {
			isa = XCConfigurationList;
			buildConfigurations = (
				ACFA5C031BBA1F5700612AD9 /* Debug */,
				ACFA5C041BBA1F5700612AD9 /* Release */,
			);
			defaultConfigurationIsVisible = 0;
		};
/* End XCConfigurationList section */
	};
	rootObject = ACFA5BE61BBA1F5700612AD9 /* Project object */;
}
